
Microsoft Visual Studio Solution File, Format Version 12.00
# Visual Studio 15
VisualStudioVersion = 15.0.27428.2043
MinimumVisualStudioVersion = 10.0.40219.1
Project("{888888A0-9F3D-457C-B088-3A5042F75D52}") = "HangMan", "HangMan\HangMan.pyproj", "{E85EA796-F548-4AD0-AE17-FD68114201B5}"
EndProject
Global
	GlobalSection(SolutionConfigurationPlatforms) = preSolution
		Debug|Any CPU = Debug|Any CPU
		Release|Any CPU = Release|Any CPU
	EndGlobalSection
	GlobalSection(ProjectConfigurationPlatforms) = postSolution
		{E85EA796-F548-4AD0-AE17-FD68114201B5}.Debug|Any CPU.ActiveCfg = Debug|Any CPU
		{E85EA796-F548-4AD0-AE17-FD68114201B5}.Release|Any CPU.ActiveCfg = Release|Any CPU
	EndGlobalSection
	GlobalSection(SolutionProperties) = preSolution
		HideSolutionNode = FALSE
	EndGlobalSection
	GlobalSection(ExtensibilityGlobals) = postSolution
		SolutionGuid = {89BF6B6A-B2E7-48B7-BDBC-E30D3C382AB9}
	EndGlobalSection
EndGlobal
